// !$*UTF8*$!
{
	archiveVersion = 1;
	classes = {
	};
	objectVersion = 46;
	objects = {

/* Begin PBXBuildFile section */
		B8103E031E18530300B2AD1B /* AppDelegate.swift in Sources */ = {isa = PBXBuildFile; fileRef = B8103E021E18530300B2AD1B /* AppDelegate.swift */; };
		B8103E051E18530300B2AD1B /* ViewController.swift in Sources */ = {isa = PBXBuildFile; fileRef = B8103E041E18530300B2AD1B /* ViewController.swift */; };
		B8103E081E18530300B2AD1B /* Main.storyboard in Resources */ = {isa = PBXBuildFile; fileRef = B8103E061E18530300B2AD1B /* Main.storyboard */; };
		B8103E0A1E18530300B2AD1B /* Assets.xcassets in Resources */ = {isa = PBXBuildFile; fileRef = B8103E091E18530300B2AD1B /* Assets.xcassets */; };
		B8103E0D1E18530300B2AD1B /* LaunchScreen.storyboard in Resources */ = {isa = PBXBuildFile; fileRef = B8103E0B1E18530300B2AD1B /* LaunchScreen.storyboard */; };
		B8103E151E1883F400B2AD1B /* 1483251869_button_play.png in Resources */ = {isa = PBXBuildFile; fileRef = B8103E141E1883F400B2AD1B /* 1483251869_button_play.png */; };
		B8103E181E1885E100B2AD1B /* LakesideLogo.png in Resources */ = {isa = PBXBuildFile; fileRef = B8103E171E1885E100B2AD1B /* LakesideLogo.png */; };
		B8103E1A1E18877600B2AD1B /* LakesideLogo2.jpeg in Resources */ = {isa = PBXBuildFile; fileRef = B8103E191E18877600B2AD1B /* LakesideLogo2.jpeg */; };
		B8103E1C1E1888A500B2AD1B /* lakeside.jpg in Resources */ = {isa = PBXBuildFile; fileRef = B8103E1B1E1888A500B2AD1B /* lakeside.jpg */; };
		B82718EF211B5C4F00CA161D /* GoogleService-Info_OldWorking.plist in Resources */ = {isa = PBXBuildFile; fileRef = B82718EE211B5C4F00CA161D /* GoogleService-Info_OldWorking.plist */; };
		B831B4ED1F5FAA19009FAB4D /* YellowBus.png in Resources */ = {isa = PBXBuildFile; fileRef = B831B4EC1F5FAA19009FAB4D /* YellowBus.png */; };
		B831B4EF1F5FAAD9009FAB4D /* YellowBusSmoke.jpeg in Resources */ = {isa = PBXBuildFile; fileRef = B831B4EE1F5FAAD9009FAB4D /* YellowBusSmoke.jpeg */; };
		B831B4F11F5FACAB009FAB4D /* YellowBusKids.jpeg in Resources */ = {isa = PBXBuildFile; fileRef = B831B4F01F5FACAB009FAB4D /* YellowBusKids.jpeg */; };
		B831B4F31F5FAE15009FAB4D /* YellowPlain.jpeg in Resources */ = {isa = PBXBuildFile; fileRef = B831B4F21F5FAE15009FAB4D /* YellowPlain.jpeg */; };
		B844996D212E07A80093A4F6 /* LakesideCustomBusSchedules-2018-2019 Afternoon.pdf in Resources */ = {isa = PBXBuildFile; fileRef = B844996C212E07A80093A4F6 /* LakesideCustomBusSchedules-2018-2019 Afternoon.pdf */; };
		B844996F212E07AF0093A4F6 /* LakesideCustomBusSchedules-2018-2019 Morning.pdf in Resources */ = {isa = PBXBuildFile; fileRef = B844996E212E07AF0093A4F6 /* LakesideCustomBusSchedules-2018-2019 Morning.pdf */; };
		B84AF6CA21321CBB00B2704F /* cartoon-school-bus-clipart-17.jpg in Resources */ = {isa = PBXBuildFile; fileRef = B84AF6C921321CBB00B2704F /* cartoon-school-bus-clipart-17.jpg */; };
		B84EA3541E19F44E00DDDAC5 /* Default.png in Resources */ = {isa = PBXBuildFile; fileRef = B84EA3531E19F44E00DDDAC5 /* Default.png */; };
		B84EA3561E19F61300DDDAC5 /* Default@2x.png in Resources */ = {isa = PBXBuildFile; fileRef = B84EA3551E19F61300DDDAC5 /* Default@2x.png */; };
		B85925D61E2A98B100AC6B4B /* Settings_950000_25.png in Resources */ = {isa = PBXBuildFile; fileRef = B85925D51E2A98B100AC6B4B /* Settings_950000_25.png */; };
		B85925D81E2AAD1D00AC6B4B /* SettingsViewController.swift in Sources */ = {isa = PBXBuildFile; fileRef = B85925D71E2AAD1D00AC6B4B /* SettingsViewController.swift */; };
		B85925DA1E2B5C0B00AC6B4B /* PDFPageViewController.swift in Sources */ = {isa = PBXBuildFile; fileRef = B85925D91E2B5C0B00AC6B4B /* PDFPageViewController.swift */; };
		B868D66B211018CD000F5272 /* LakeLogo.png in Resources */ = {isa = PBXBuildFile; fileRef = B868D66A211018CD000F5272 /* LakeLogo.png */; };
		B868D66D21101972000F5272 /* RedButtonGoldBorder.png in Resources */ = {isa = PBXBuildFile; fileRef = B868D66C21101972000F5272 /* RedButtonGoldBorder.png */; };
		B868D676211165B3000F5272 /* CustomMessageCell.swift in Sources */ = {isa = PBXBuildFile; fileRef = B868D674211165B3000F5272 /* CustomMessageCell.swift */; };
		B868D678211165E0000F5272 /* ChatViewController.swift in Sources */ = {isa = PBXBuildFile; fileRef = B868D677211165DF000F5272 /* ChatViewController.swift */; };
		B868D67A21116B9C000F5272 /* Message.swift in Sources */ = {isa = PBXBuildFile; fileRef = B868D67921116B9C000F5272 /* Message.swift */; };
		B8718E2E1E19AA5800515C7E /* SilverButton.png in Resources */ = {isa = PBXBuildFile; fileRef = B8718E2D1E19AA5800515C7E /* SilverButton.png */; };
		B877E02C213A4BE600C7ADFF /* Client Key.swift in Sources */ = {isa = PBXBuildFile; fileRef = B877E02B213A4BE600C7ADFF /* Client Key.swift */; };
		B877E02E213B7A0200C7ADFF /* Signout.png in Resources */ = {isa = PBXBuildFile; fileRef = B877E02D213B7A0200C7ADFF /* Signout.png */; };
		B886315B1E2C36E2007E7F6A /* ViewController_WheresTheBusViewController.swift in Sources */ = {isa = PBXBuildFile; fileRef = B886315A1E2C36E2007E7F6A /* ViewController_WheresTheBusViewController.swift */; };
		B8B0D8002130E08C00E6E8CD /* IphoneVersion.swift in Sources */ = {isa = PBXBuildFile; fileRef = B8B0D7FF2130E08C00E6E8CD /* IphoneVersion.swift */; };
		B8B145D2212BD5CB0041CFCF /* GoogleService-Info.plist in Resources */ = {isa = PBXBuildFile; fileRef = B8B145D1212BD5CA0041CFCF /* GoogleService-Info.plist */; };
		B8BCD9A8213BB92500E503FF /* Google.png in Resources */ = {isa = PBXBuildFile; fileRef = B8BCD9A7213BB92500E503FF /* Google.png */; };
		B8BCD9AA213BB9C000E503FF /* googleLogo.png in Resources */ = {isa = PBXBuildFile; fileRef = B8BCD9A9213BB9C000E503FF /* googleLogo.png */; };
		B8F2D5281E21EB8D00442E97 /* PDF 2_950000_25.png in Resources */ = {isa = PBXBuildFile; fileRef = B8F2D5271E21EB8D00442E97 /* PDF 2_950000_25.png */; };
		B8F2D52A1E21EDC000442E97 /* Spy Male_950000_25.png in Resources */ = {isa = PBXBuildFile; fileRef = B8F2D5291E21EDC000442E97 /* Spy Male_950000_25.png */; };
		B8F2D52C1E21EF4800442E97 /* Queen UK_950000_25.png in Resources */ = {isa = PBXBuildFile; fileRef = B8F2D52B1E21EF4800442E97 /* Queen UK_950000_25.png */; };
		B8F2D52E1E21EF9800442E97 /* Bus_950000_25.png in Resources */ = {isa = PBXBuildFile; fileRef = B8F2D52D1E21EF9800442E97 /* Bus_950000_25.png */; };
		B8F2D5351E22033400442E97 /* ViewController_PDFViewController.swift in Sources */ = {isa = PBXBuildFile; fileRef = B8F2D5341E22033400442E97 /* ViewController_PDFViewController.swift */; };
		B8F2D5371E222C7B00442E97 /* PDFAfternoon.swift in Sources */ = {isa = PBXBuildFile; fileRef = B8F2D5361E222C7B00442E97 /* PDFAfternoon.swift */; };
		B8F2D5391E22312700442E97 /* ComingSoon.jpg in Resources */ = {isa = PBXBuildFile; fileRef = B8F2D5381E22312700442E97 /* ComingSoon.jpg */; };
		B8F2D53B1E22B05400442E97 /* Eyes_Emoji_LARGE.png in Resources */ = {isa = PBXBuildFile; fileRef = B8F2D53A1E22B05400442E97 /* Eyes_Emoji_LARGE.png */; };
		B8F2D53D1E22B18B00442E97 /* Eyes_Emoji.png in Resources */ = {isa = PBXBuildFile; fileRef = B8F2D53C1E22B18B00442E97 /* Eyes_Emoji.png */; };
		B8F2D53F1E22B5FE00442E97 /* ViewController_Conversations.swift in Sources */ = {isa = PBXBuildFile; fileRef = B8F2D53E1E22B5FE00442E97 /* ViewController_Conversations.swift */; };
		B8F2F9322113EC47003ABB1A /* MessageCell.xib in Resources */ = {isa = PBXBuildFile; fileRef = B8F2F9312113EC47003ABB1A /* MessageCell.xib */; };
		B8F2F93421147DA2003ABB1A /* Settings.swift in Sources */ = {isa = PBXBuildFile; fileRef = B8F2F93321147DA2003ABB1A /* Settings.swift */; };
		FE9CAE9D05FB39D5AEAA1ACC /* Pods_PlaySMS.framework in Frameworks */ = {isa = PBXBuildFile; fileRef = C6AE1CA8609E1C4AD43DDC45 /* Pods_PlaySMS.framework */; };
/* End PBXBuildFile section */

/* Begin PBXCopyFilesBuildPhase section */
		B8DE9CC81E1B6A0900DAD0C3 /* Embed Watch Content */ = {
			isa = PBXCopyFilesBuildPhase;
			buildActionMask = 2147483647;
			dstPath = "$(CONTENTS_FOLDER_PATH)/Watch";
			dstSubfolderSpec = 16;
			files = (
			);
			name = "Embed Watch Content";
			runOnlyForDeploymentPostprocessing = 0;
		};
/* End PBXCopyFilesBuildPhase section */

/* Begin PBXFileReference section */
		57C9026B8D8F502EE1DF36E9 /* Pods-PlaySMS.release.xcconfig */ = {isa = PBXFileReference; includeInIndex = 1; lastKnownFileType = text.xcconfig; name = "Pods-PlaySMS.release.xcconfig"; path = "Pods/Target Support Files/Pods-PlaySMS/Pods-PlaySMS.release.xcconfig"; sourceTree = "<group>"; };
		9B3CDF9053C1F94ECAD44C49 /* Pods-PlaySMS.debug.xcconfig */ = {isa = PBXFileReference; includeInIndex = 1; lastKnownFileType = text.xcconfig; name = "Pods-PlaySMS.debug.xcconfig"; path = "Pods/Target Support Files/Pods-PlaySMS/Pods-PlaySMS.debug.xcconfig"; sourceTree = "<group>"; };
		B8103DFF1E18530300B2AD1B /* PlaySMS.app */ = {isa = PBXFileReference; explicitFileType = wrapper.application; includeInIndex = 0; path = PlaySMS.app; sourceTree = BUILT_PRODUCTS_DIR; };
		B8103E021E18530300B2AD1B /* AppDelegate.swift */ = {isa = PBXFileReference; lastKnownFileType = sourcecode.swift; path = AppDelegate.swift; sourceTree = "<group>"; };
		B8103E041E18530300B2AD1B /* ViewController.swift */ = {isa = PBXFileReference; lastKnownFileType = sourcecode.swift; path = ViewController.swift; sourceTree = "<group>"; };
		B8103E071E18530300B2AD1B /* Base */ = {isa = PBXFileReference; lastKnownFileType = file.storyboard; name = Base; path = Base.lproj/Main.storyboard; sourceTree = "<group>"; };
		B8103E091E18530300B2AD1B /* Assets.xcassets */ = {isa = PBXFileReference; lastKnownFileType = folder.assetcatalog; path = Assets.xcassets; sourceTree = "<group>"; };
		B8103E0C1E18530300B2AD1B /* Base */ = {isa = PBXFileReference; lastKnownFileType = file.storyboard; name = Base; path = Base.lproj/LaunchScreen.storyboard; sourceTree = "<group>"; };
		B8103E0E1E18530300B2AD1B /* Info.plist */ = {isa = PBXFileReference; lastKnownFileType = text.plist.xml; path = Info.plist; sourceTree = "<group>"; };
		B8103E141E1883F400B2AD1B /* 1483251869_button_play.png */ = {isa = PBXFileReference; lastKnownFileType = image.png; path = 1483251869_button_play.png; sourceTree = "<group>"; };
		B8103E171E1885E100B2AD1B /* LakesideLogo.png */ = {isa = PBXFileReference; lastKnownFileType = image.png; path = LakesideLogo.png; sourceTree = "<group>"; };
		B8103E191E18877600B2AD1B /* LakesideLogo2.jpeg */ = {isa = PBXFileReference; lastKnownFileType = image.jpeg; path = LakesideLogo2.jpeg; sourceTree = "<group>"; };
		B8103E1B1E1888A500B2AD1B /* lakeside.jpg */ = {isa = PBXFileReference; lastKnownFileType = image.jpeg; path = lakeside.jpg; sourceTree = "<group>"; };
		B82718EE211B5C4F00CA161D /* GoogleService-Info_OldWorking.plist */ = {isa = PBXFileReference; fileEncoding = 4; lastKnownFileType = text.plist.xml; path = "GoogleService-Info_OldWorking.plist"; sourceTree = "<group>"; };
		B831B4EC1F5FAA19009FAB4D /* YellowBus.png */ = {isa = PBXFileReference; lastKnownFileType = image.png; path = YellowBus.png; sourceTree = "<group>"; };
		B831B4EE1F5FAAD9009FAB4D /* YellowBusSmoke.jpeg */ = {isa = PBXFileReference; lastKnownFileType = image.jpeg; path = YellowBusSmoke.jpeg; sourceTree = "<group>"; };
		B831B4F01F5FACAB009FAB4D /* YellowBusKids.jpeg */ = {isa = PBXFileReference; lastKnownFileType = image.jpeg; path = YellowBusKids.jpeg; sourceTree = "<group>"; };
		B831B4F21F5FAE15009FAB4D /* YellowPlain.jpeg */ = {isa = PBXFileReference; lastKnownFileType = image.jpeg; path = YellowPlain.jpeg; sourceTree = "<group>"; };
		B844996C212E07A80093A4F6 /* LakesideCustomBusSchedules-2018-2019 Afternoon.pdf */ = {isa = PBXFileReference; lastKnownFileType = image.pdf; path = "LakesideCustomBusSchedules-2018-2019 Afternoon.pdf"; sourceTree = "<group>"; };
		B844996E212E07AF0093A4F6 /* LakesideCustomBusSchedules-2018-2019 Morning.pdf */ = {isa = PBXFileReference; lastKnownFileType = image.pdf; path = "LakesideCustomBusSchedules-2018-2019 Morning.pdf"; sourceTree = "<group>"; };
		B84AF6C921321CBB00B2704F /* cartoon-school-bus-clipart-17.jpg */ = {isa = PBXFileReference; lastKnownFileType = image.jpeg; path = "cartoon-school-bus-clipart-17.jpg"; sourceTree = "<group>"; };
		B84EA3531E19F44E00DDDAC5 /* Default.png */ = {isa = PBXFileReference; lastKnownFileType = image.png; path = Default.png; sourceTree = "<group>"; };
		B84EA3551E19F61300DDDAC5 /* Default@2x.png */ = {isa = PBXFileReference; lastKnownFileType = image.png; path = "Default@2x.png"; sourceTree = "<group>"; };
		B85925D51E2A98B100AC6B4B /* Settings_950000_25.png */ = {isa = PBXFileReference; lastKnownFileType = image.png; path = Settings_950000_25.png; sourceTree = "<group>"; };
		B85925D71E2AAD1D00AC6B4B /* SettingsViewController.swift */ = {isa = PBXFileReference; fileEncoding = 4; lastKnownFileType = sourcecode.swift; path = SettingsViewController.swift; sourceTree = "<group>"; };
		B85925D91E2B5C0B00AC6B4B /* PDFPageViewController.swift */ = {isa = PBXFileReference; fileEncoding = 4; lastKnownFileType = sourcecode.swift; path = PDFPageViewController.swift; sourceTree = "<group>"; };
		B868D66A211018CD000F5272 /* LakeLogo.png */ = {isa = PBXFileReference; lastKnownFileType = image.png; path = LakeLogo.png; sourceTree = "<group>"; };
		B868D66C21101972000F5272 /* RedButtonGoldBorder.png */ = {isa = PBXFileReference; lastKnownFileType = image.png; path = RedButtonGoldBorder.png; sourceTree = "<group>"; };
		B868D674211165B3000F5272 /* CustomMessageCell.swift */ = {isa = PBXFileReference; fileEncoding = 4; lastKnownFileType = sourcecode.swift; path = CustomMessageCell.swift; sourceTree = "<group>"; };
		B868D677211165DF000F5272 /* ChatViewController.swift */ = {isa = PBXFileReference; fileEncoding = 4; lastKnownFileType = sourcecode.swift; path = ChatViewController.swift; sourceTree = "<group>"; };
		B868D67921116B9C000F5272 /* Message.swift */ = {isa = PBXFileReference; fileEncoding = 4; lastKnownFileType = sourcecode.swift; path = Message.swift; sourceTree = "<group>"; };
		B8718E2D1E19AA5800515C7E /* SilverButton.png */ = {isa = PBXFileReference; lastKnownFileType = image.png; path = SilverButton.png; sourceTree = "<group>"; };
		B877E02B213A4BE600C7ADFF /* Client Key.swift */ = {isa = PBXFileReference; lastKnownFileType = sourcecode.swift; path = "Client Key.swift"; sourceTree = "<group>"; };
		B877E02D213B7A0200C7ADFF /* Signout.png */ = {isa = PBXFileReference; lastKnownFileType = image.png; path = Signout.png; sourceTree = "<group>"; };
		B886315A1E2C36E2007E7F6A /* ViewController_WheresTheBusViewController.swift */ = {isa = PBXFileReference; fileEncoding = 4; lastKnownFileType = sourcecode.swift; path = ViewController_WheresTheBusViewController.swift; sourceTree = "<group>"; };
		B8B0D7FF2130E08C00E6E8CD /* IphoneVersion.swift */ = {isa = PBXFileReference; lastKnownFileType = sourcecode.swift; path = IphoneVersion.swift; sourceTree = "<group>"; };
		B8B145D1212BD5CA0041CFCF /* GoogleService-Info.plist */ = {isa = PBXFileReference; fileEncoding = 4; lastKnownFileType = text.plist.xml; path = "GoogleService-Info.plist"; sourceTree = "<group>"; };
		B8B145D3212BD8080041CFCF /* PlaySMS.entitlements */ = {isa = PBXFileReference; lastKnownFileType = text.plist.entitlements; path = PlaySMS.entitlements; sourceTree = "<group>"; };
		B8BCD9A7213BB92500E503FF /* Google.png */ = {isa = PBXFileReference; lastKnownFileType = image.png; path = Google.png; sourceTree = "<group>"; };
		B8BCD9A9213BB9C000E503FF /* googleLogo.png */ = {isa = PBXFileReference; lastKnownFileType = image.png; path = googleLogo.png; sourceTree = "<group>"; };
		B8F2D5271E21EB8D00442E97 /* PDF 2_950000_25.png */ = {isa = PBXFileReference; lastKnownFileType = image.png; path = "PDF 2_950000_25.png"; sourceTree = "<group>"; };
		B8F2D5291E21EDC000442E97 /* Spy Male_950000_25.png */ = {isa = PBXFileReference; lastKnownFileType = image.png; path = "Spy Male_950000_25.png"; sourceTree = "<group>"; };
		B8F2D52B1E21EF4800442E97 /* Queen UK_950000_25.png */ = {isa = PBXFileReference; lastKnownFileType = image.png; path = "Queen UK_950000_25.png"; sourceTree = "<group>"; };
		B8F2D52D1E21EF9800442E97 /* Bus_950000_25.png */ = {isa = PBXFileReference; lastKnownFileType = image.png; path = Bus_950000_25.png; sourceTree = "<group>"; };
		B8F2D5341E22033400442E97 /* ViewController_PDFViewController.swift */ = {isa = PBXFileReference; fileEncoding = 4; lastKnownFileType = sourcecode.swift; path = ViewController_PDFViewController.swift; sourceTree = "<group>"; };
		B8F2D5361E222C7B00442E97 /* PDFAfternoon.swift */ = {isa = PBXFileReference; fileEncoding = 4; lastKnownFileType = sourcecode.swift; path = PDFAfternoon.swift; sourceTree = "<group>"; };
		B8F2D5381E22312700442E97 /* ComingSoon.jpg */ = {isa = PBXFileReference; lastKnownFileType = image.jpeg; path = ComingSoon.jpg; sourceTree = "<group>"; };
		B8F2D53A1E22B05400442E97 /* Eyes_Emoji_LARGE.png */ = {isa = PBXFileReference; lastKnownFileType = image.png; path = Eyes_Emoji_LARGE.png; sourceTree = "<group>"; };
		B8F2D53C1E22B18B00442E97 /* Eyes_Emoji.png */ = {isa = PBXFileReference; lastKnownFileType = image.png; path = Eyes_Emoji.png; sourceTree = "<group>"; };
		B8F2D53E1E22B5FE00442E97 /* ViewController_Conversations.swift */ = {isa = PBXFileReference; fileEncoding = 4; lastKnownFileType = sourcecode.swift; path = ViewController_Conversations.swift; sourceTree = "<group>"; };
		B8F2F9312113EC47003ABB1A /* MessageCell.xib */ = {isa = PBXFileReference; fileEncoding = 4; lastKnownFileType = file.xib; path = MessageCell.xib; sourceTree = "<group>"; };
		B8F2F93321147DA2003ABB1A /* Settings.swift */ = {isa = PBXFileReference; lastKnownFileType = sourcecode.swift; path = Settings.swift; sourceTree = "<group>"; };
		C6AE1CA8609E1C4AD43DDC45 /* Pods_PlaySMS.framework */ = {isa = PBXFileReference; explicitFileType = wrapper.framework; includeInIndex = 0; path = Pods_PlaySMS.framework; sourceTree = BUILT_PRODUCTS_DIR; };
/* End PBXFileReference section */

/* Begin PBXFrameworksBuildPhase section */
		B8103DFC1E18530300B2AD1B /* Frameworks */ = {
			isa = PBXFrameworksBuildPhase;
			buildActionMask = 2147483647;
			files = (
				FE9CAE9D05FB39D5AEAA1ACC /* Pods_PlaySMS.framework in Frameworks */,
			);
			runOnlyForDeploymentPostprocessing = 0;
		};
/* End PBXFrameworksBuildPhase section */

/* Begin PBXGroup section */
		B169249300CB921E2097C7F1 /* Pods */ = {
			isa = PBXGroup;
			children = (
				9B3CDF9053C1F94ECAD44C49 /* Pods-PlaySMS.debug.xcconfig */,
				57C9026B8D8F502EE1DF36E9 /* Pods-PlaySMS.release.xcconfig */,
			);
			name = Pods;
			sourceTree = "<group>";
		};
		B8103DF61E18530300B2AD1B = {
			isa = PBXGroup;
			children = (
				B877E02B213A4BE600C7ADFF /* Client Key.swift */,
				B8103E011E18530300B2AD1B /* PlaySMS */,
				B8103E001E18530300B2AD1B /* Products */,
				B169249300CB921E2097C7F1 /* Pods */,
				EBC3282B586ABD36AFC5A90E /* Frameworks */,
			);
			sourceTree = "<group>";
		};
		B8103E001E18530300B2AD1B /* Products */ = {
			isa = PBXGroup;
			children = (
				B8103DFF1E18530300B2AD1B /* PlaySMS.app */,
			);
			name = Products;
			sourceTree = "<group>";
		};
		B8103E011E18530300B2AD1B /* PlaySMS */ = {
			isa = PBXGroup;
			children = (
				B8B145D3212BD8080041CFCF /* PlaySMS.entitlements */,
				B8103E021E18530300B2AD1B /* AppDelegate.swift */,
				B82718EE211B5C4F00CA161D /* GoogleService-Info_OldWorking.plist */,
				B8B145D1212BD5CA0041CFCF /* GoogleService-Info.plist */,
				B8103E0E1E18530300B2AD1B /* Info.plist */,
				B868D66921100DFB000F5272 /* Controllers */,
				B868D66821100DE5000F5272 /* Views */,
				B868D66721100DD4000F5272 /* Model */,
				B8103E091E18530300B2AD1B /* Assets.xcassets */,
				B868D66E211164DC000F5272 /* Custom Cell */,
				B8F2D52F1E21F15C00442E97 /* PDF */,
				B8103E161E18841500B2AD1B /* PNGs */,
			);
			path = PlaySMS;
			sourceTree = "<group>";
		};
		B8103E161E18841500B2AD1B /* PNGs */ = {
			isa = PBXGroup;
			children = (
				B868D66A211018CD000F5272 /* LakeLogo.png */,
				B831B4F21F5FAE15009FAB4D /* YellowPlain.jpeg */,
				B831B4F01F5FACAB009FAB4D /* YellowBusKids.jpeg */,
				B877E02D213B7A0200C7ADFF /* Signout.png */,
				B831B4EE1F5FAAD9009FAB4D /* YellowBusSmoke.jpeg */,
				B831B4EC1F5FAA19009FAB4D /* YellowBus.png */,
				B8BCD9A7213BB92500E503FF /* Google.png */,
				B868D66C21101972000F5272 /* RedButtonGoldBorder.png */,
				B84AF6C921321CBB00B2704F /* cartoon-school-bus-clipart-17.jpg */,
				B8F2D53A1E22B05400442E97 /* Eyes_Emoji_LARGE.png */,
				B85925D51E2A98B100AC6B4B /* Settings_950000_25.png */,
				B8F2D5271E21EB8D00442E97 /* PDF 2_950000_25.png */,
				B8BCD9A9213BB9C000E503FF /* googleLogo.png */,
				B84EA3531E19F44E00DDDAC5 /* Default.png */,
				B8F2D53C1E22B18B00442E97 /* Eyes_Emoji.png */,
				B8F2D52B1E21EF4800442E97 /* Queen UK_950000_25.png */,
				B84EA3551E19F61300DDDAC5 /* Default@2x.png */,
				B8F2D52D1E21EF9800442E97 /* Bus_950000_25.png */,
				B8F2D5291E21EDC000442E97 /* Spy Male_950000_25.png */,
				B8718E2D1E19AA5800515C7E /* SilverButton.png */,
				B8F2D5381E22312700442E97 /* ComingSoon.jpg */,
				B8103E171E1885E100B2AD1B /* LakesideLogo.png */,
				B8103E1B1E1888A500B2AD1B /* lakeside.jpg */,
				B8103E191E18877600B2AD1B /* LakesideLogo2.jpeg */,
				B8103E141E1883F400B2AD1B /* 1483251869_button_play.png */,
			);
			name = PNGs;
			sourceTree = "<group>";
		};
		B868D66721100DD4000F5272 /* Model */ = {
			isa = PBXGroup;
			children = (
				B868D67921116B9C000F5272 /* Message.swift */,
				B8B0D7FF2130E08C00E6E8CD /* IphoneVersion.swift */,
				B8F2F93321147DA2003ABB1A /* Settings.swift */,
			);
			path = Model;
			sourceTree = "<group>";
		};
		B868D66821100DE5000F5272 /* Views */ = {
			isa = PBXGroup;
			children = (
				B8103E0B1E18530300B2AD1B /* LaunchScreen.storyboard */,
				B8103E061E18530300B2AD1B /* Main.storyboard */,
			);
			path = Views;
			sourceTree = "<group>";
		};
		B868D66921100DFB000F5272 /* Controllers */ = {
			isa = PBXGroup;
			children = (
				B886315A1E2C36E2007E7F6A /* ViewController_WheresTheBusViewController.swift */,
				B85925D91E2B5C0B00AC6B4B /* PDFPageViewController.swift */,
				B85925D71E2AAD1D00AC6B4B /* SettingsViewController.swift */,
				B8103E041E18530300B2AD1B /* ViewController.swift */,
				B8F2D53E1E22B5FE00442E97 /* ViewController_Conversations.swift */,
				B8F2D5361E222C7B00442E97 /* PDFAfternoon.swift */,
				B8F2D5341E22033400442E97 /* ViewController_PDFViewController.swift */,
				B868D677211165DF000F5272 /* ChatViewController.swift */,
			);
			path = Controllers;
			sourceTree = "<group>";
		};
		B868D66E211164DC000F5272 /* Custom Cell */ = {
			isa = PBXGroup;
			children = (
				B868D674211165B3000F5272 /* CustomMessageCell.swift */,
				B8F2F9312113EC47003ABB1A /* MessageCell.xib */,
			);
			path = "Custom Cell";
			sourceTree = "<group>";
		};
		B8F2D52F1E21F15C00442E97 /* PDF */ = {
			isa = PBXGroup;
			children = (
				B844996C212E07A80093A4F6 /* LakesideCustomBusSchedules-2018-2019 Afternoon.pdf */,
				B844996E212E07AF0093A4F6 /* LakesideCustomBusSchedules-2018-2019 Morning.pdf */,
			);
			name = PDF;
			path = ..;
			sourceTree = "<group>";
		};
		EBC3282B586ABD36AFC5A90E /* Frameworks */ = {
			isa = PBXGroup;
			children = (
				C6AE1CA8609E1C4AD43DDC45 /* Pods_PlaySMS.framework */,
			);
			name = Frameworks;
			sourceTree = "<group>";
		};
/* End PBXGroup section */

/* Begin PBXNativeTarget section */
		B8103DFE1E18530300B2AD1B /* PlaySMS */ = {
			isa = PBXNativeTarget;
			buildConfigurationList = B8103E111E18530300B2AD1B /* Build configuration list for PBXNativeTarget "PlaySMS" */;
			buildPhases = (
				855D29CFAE3E668B85CB7254 /* [CP] Check Pods Manifest.lock */,
				B8103DFB1E18530300B2AD1B /* Sources */,
				B8103DFC1E18530300B2AD1B /* Frameworks */,
				B8103DFD1E18530300B2AD1B /* Resources */,
				B8DE9CC81E1B6A0900DAD0C3 /* Embed Watch Content */,
				7ADBF40436EEDBF788D249A5 /* [CP] Embed Pods Frameworks */,
				756480191455F6A191840BE9 /* [CP] Copy Pods Resources */,
			);
			buildRules = (
			);
			dependencies = (
			);
			name = PlaySMS;
			productName = PlaySMS;
			productReference = B8103DFF1E18530300B2AD1B /* PlaySMS.app */;
			productType = "com.apple.product-type.application";
		};
/* End PBXNativeTarget section */

/* Begin PBXProject section */
		B8103DF71E18530300B2AD1B /* Project object */ = {
			isa = PBXProject;
			attributes = {
				LastSwiftUpdateCheck = 0820;
				LastUpgradeCheck = 0940;
				ORGANIZATIONNAME = Sully;
				TargetAttributes = {
					B8103DFE1E18530300B2AD1B = {
						CreatedOnToolsVersion = 8.2.1;
						DevelopmentTeam = BLXXF824QW;
						LastSwiftMigration = 0940;
						ProvisioningStyle = Automatic;
						SystemCapabilities = {
							com.apple.BackgroundModes = {
								enabled = 1;
							};
							com.apple.Push = {
								enabled = 1;
							};
						};
					};
				};
			};
			buildConfigurationList = B8103DFA1E18530300B2AD1B /* Build configuration list for PBXProject "PlaySMS" */;
			compatibilityVersion = "Xcode 3.2";
			developmentRegion = English;
			hasScannedForEncodings = 0;
			knownRegions = (
				en,
				Base,
			);
			mainGroup = B8103DF61E18530300B2AD1B;
			productRefGroup = B8103E001E18530300B2AD1B /* Products */;
			projectDirPath = "";
			projectRoot = "";
			targets = (
				B8103DFE1E18530300B2AD1B /* PlaySMS */,
			);
		};
/* End PBXProject section */

/* Begin PBXResourcesBuildPhase section */
		B8103DFD1E18530300B2AD1B /* Resources */ = {
			isa = PBXResourcesBuildPhase;
			buildActionMask = 2147483647;
			files = (
				B831B4F11F5FACAB009FAB4D /* YellowBusKids.jpeg in Resources */,
				B8F2D5281E21EB8D00442E97 /* PDF 2_950000_25.png in Resources */,
				B8103E1C1E1888A500B2AD1B /* lakeside.jpg in Resources */,
				B868D66D21101972000F5272 /* RedButtonGoldBorder.png in Resources */,
				B831B4EF1F5FAAD9009FAB4D /* YellowBusSmoke.jpeg in Resources */,
				B8F2D53D1E22B18B00442E97 /* Eyes_Emoji.png in Resources */,
				B84EA3541E19F44E00DDDAC5 /* Default.png in Resources */,
				B8BCD9AA213BB9C000E503FF /* googleLogo.png in Resources */,
				B8F2D52C1E21EF4800442E97 /* Queen UK_950000_25.png in Resources */,
				B84EA3561E19F61300DDDAC5 /* Default@2x.png in Resources */,
				B8103E151E1883F400B2AD1B /* 1483251869_button_play.png in Resources */,
				B8103E181E1885E100B2AD1B /* LakesideLogo.png in Resources */,
				B8F2D5391E22312700442E97 /* ComingSoon.jpg in Resources */,
				B844996F212E07AF0093A4F6 /* LakesideCustomBusSchedules-2018-2019 Morning.pdf in Resources */,
				B8F2D52E1E21EF9800442E97 /* Bus_950000_25.png in Resources */,
				B8B145D2212BD5CB0041CFCF /* GoogleService-Info.plist in Resources */,
				B84AF6CA21321CBB00B2704F /* cartoon-school-bus-clipart-17.jpg in Resources */,
				B8103E0D1E18530300B2AD1B /* LaunchScreen.storyboard in Resources */,
				B82718EF211B5C4F00CA161D /* GoogleService-Info_OldWorking.plist in Resources */,
				B831B4F31F5FAE15009FAB4D /* YellowPlain.jpeg in Resources */,
				B868D66B211018CD000F5272 /* LakeLogo.png in Resources */,
				B8F2D53B1E22B05400442E97 /* Eyes_Emoji_LARGE.png in Resources */,
				B8718E2E1E19AA5800515C7E /* SilverButton.png in Resources */,
				B8103E1A1E18877600B2AD1B /* LakesideLogo2.jpeg in Resources */,
				B8103E0A1E18530300B2AD1B /* Assets.xcassets in Resources */,
				B831B4ED1F5FAA19009FAB4D /* YellowBus.png in Resources */,
				B8F2F9322113EC47003ABB1A /* MessageCell.xib in Resources */,
				B8BCD9A8213BB92500E503FF /* Google.png in Resources */,
				B85925D61E2A98B100AC6B4B /* Settings_950000_25.png in Resources */,
				B8103E081E18530300B2AD1B /* Main.storyboard in Resources */,
				B877E02E213B7A0200C7ADFF /* Signout.png in Resources */,
				B8F2D52A1E21EDC000442E97 /* Spy Male_950000_25.png in Resources */,
				B844996D212E07A80093A4F6 /* LakesideCustomBusSchedules-2018-2019 Afternoon.pdf in Resources */,
			);
			runOnlyForDeploymentPostprocessing = 0;
		};
/* End PBXResourcesBuildPhase section */

/* Begin PBXShellScriptBuildPhase section */
		756480191455F6A191840BE9 /* [CP] Copy Pods Resources */ = {
			isa = PBXShellScriptBuildPhase;
			buildActionMask = 2147483647;
			files = (
			);
			inputPaths = (
				"${SRCROOT}/Pods/Target Support Files/Pods-PlaySMS/Pods-PlaySMS-resources.sh",
				"${PODS_ROOT}/GoogleSignIn/Resources/GoogleSignIn.bundle",
			);
			name = "[CP] Copy Pods Resources";
			outputPaths = (
				"${TARGET_BUILD_DIR}/${UNLOCALIZED_RESOURCES_FOLDER_PATH}/GoogleSignIn.bundle",
			);
			runOnlyForDeploymentPostprocessing = 0;
			shellPath = /bin/sh;
			shellScript = "\"${SRCROOT}/Pods/Target Support Files/Pods-PlaySMS/Pods-PlaySMS-resources.sh\"\n";
			showEnvVarsInLog = 0;
		};
		7ADBF40436EEDBF788D249A5 /* [CP] Embed Pods Frameworks */ = {
			isa = PBXShellScriptBuildPhase;
			buildActionMask = 2147483647;
			files = (
			);
			inputPaths = (
				"${SRCROOT}/Pods/Target Support Files/Pods-PlaySMS/Pods-PlaySMS-frameworks.sh",
				"${BUILT_PRODUCTS_DIR}/BoringSSL/openssl.framework",
				"${BUILT_PRODUCTS_DIR}/ChameleonFramework/ChameleonFramework.framework",
				"${BUILT_PRODUCTS_DIR}/Cheers/Cheers.framework",
				"${BUILT_PRODUCTS_DIR}/GTMOAuth2/GTMOAuth2.framework",
				"${BUILT_PRODUCTS_DIR}/GTMSessionFetcher/GTMSessionFetcher.framework",
				"${BUILT_PRODUCTS_DIR}/GoogleToolboxForMac/GoogleToolboxForMac.framework",
				"${BUILT_PRODUCTS_DIR}/Protobuf/Protobuf.framework",
				"${BUILT_PRODUCTS_DIR}/SVProgressHUD/SVProgressHUD.framework",
				"${BUILT_PRODUCTS_DIR}/gRPC/GRPCClient.framework",
				"${BUILT_PRODUCTS_DIR}/gRPC-Core/grpc.framework",
				"${BUILT_PRODUCTS_DIR}/gRPC-ProtoRPC/ProtoRPC.framework",
				"${BUILT_PRODUCTS_DIR}/gRPC-RxLibrary/RxLibrary.framework",
				"${BUILT_PRODUCTS_DIR}/leveldb-library/leveldb.framework",
				"${BUILT_PRODUCTS_DIR}/nanopb/nanopb.framework",
			);
			name = "[CP] Embed Pods Frameworks";
			outputPaths = (
				"${TARGET_BUILD_DIR}/${FRAMEWORKS_FOLDER_PATH}/openssl.framework",
				"${TARGET_BUILD_DIR}/${FRAMEWORKS_FOLDER_PATH}/ChameleonFramework.framework",
				"${TARGET_BUILD_DIR}/${FRAMEWORKS_FOLDER_PATH}/Cheers.framework",
				"${TARGET_BUILD_DIR}/${FRAMEWORKS_FOLDER_PATH}/GTMOAuth2.framework",
				"${TARGET_BUILD_DIR}/${FRAMEWORKS_FOLDER_PATH}/GTMSessionFetcher.framework",
				"${TARGET_BUILD_DIR}/${FRAMEWORKS_FOLDER_PATH}/GoogleToolboxForMac.framework",
				"${TARGET_BUILD_DIR}/${FRAMEWORKS_FOLDER_PATH}/Protobuf.framework",
				"${TARGET_BUILD_DIR}/${FRAMEWORKS_FOLDER_PATH}/SVProgressHUD.framework",
				"${TARGET_BUILD_DIR}/${FRAMEWORKS_FOLDER_PATH}/GRPCClient.framework",
				"${TARGET_BUILD_DIR}/${FRAMEWORKS_FOLDER_PATH}/grpc.framework",
				"${TARGET_BUILD_DIR}/${FRAMEWORKS_FOLDER_PATH}/ProtoRPC.framework",
				"${TARGET_BUILD_DIR}/${FRAMEWORKS_FOLDER_PATH}/RxLibrary.framework",
				"${TARGET_BUILD_DIR}/${FRAMEWORKS_FOLDER_PATH}/leveldb.framework",
				"${TARGET_BUILD_DIR}/${FRAMEWORKS_FOLDER_PATH}/nanopb.framework",
			);
			runOnlyForDeploymentPostprocessing = 0;
			shellPath = /bin/sh;
			shellScript = "\"${SRCROOT}/Pods/Target Support Files/Pods-PlaySMS/Pods-PlaySMS-frameworks.sh\"\n";
			showEnvVarsInLog = 0;
		};
		855D29CFAE3E668B85CB7254 /* [CP] Check Pods Manifest.lock */ = {
			isa = PBXShellScriptBuildPhase;
			buildActionMask = 2147483647;
			files = (
			);
			inputPaths = (
				"${PODS_PODFILE_DIR_PATH}/Podfile.lock",
				"${PODS_ROOT}/Manifest.lock",
			);
			name = "[CP] Check Pods Manifest.lock";
			outputPaths = (
				"$(DERIVED_FILE_DIR)/Pods-PlaySMS-checkManifestLockResult.txt",
			);
			runOnlyForDeploymentPostprocessing = 0;
			shellPath = /bin/sh;
			shellScript = "diff \"${PODS_PODFILE_DIR_PATH}/Podfile.lock\" \"${PODS_ROOT}/Manifest.lock\" > /dev/null\nif [ $? != 0 ] ; then\n    # print error to STDERR\n    echo \"error: The sandbox is not in sync with the Podfile.lock. Run 'pod install' or update your CocoaPods installation.\" >&2\n    exit 1\nfi\n# This output is used by Xcode 'outputs' to avoid re-running this script phase.\necho \"SUCCESS\" > \"${SCRIPT_OUTPUT_FILE_0}\"\n";
			showEnvVarsInLog = 0;
		};
/* End PBXShellScriptBuildPhase section */

/* Begin PBXSourcesBuildPhase section */
		B8103DFB1E18530300B2AD1B /* Sources */ = {
			isa = PBXSourcesBuildPhase;
			buildActionMask = 2147483647;
			files = (
				B868D676211165B3000F5272 /* CustomMessageCell.swift in Sources */,
				B886315B1E2C36E2007E7F6A /* ViewController_WheresTheBusViewController.swift in Sources */,
				B8F2D5351E22033400442E97 /* ViewController_PDFViewController.swift in Sources */,
				B8103E051E18530300B2AD1B /* ViewController.swift in Sources */,
				B8103E031E18530300B2AD1B /* AppDelegate.swift in Sources */,
				B8F2D53F1E22B5FE00442E97 /* ViewController_Conversations.swift in Sources */,
				B8F2F93421147DA2003ABB1A /* Settings.swift in Sources */,
				B8B0D8002130E08C00E6E8CD /* IphoneVersion.swift in Sources */,
				B868D67A21116B9C000F5272 /* Message.swift in Sources */,
				B877E02C213A4BE600C7ADFF /* Client Key.swift in Sources */,
				B8F2D5371E222C7B00442E97 /* PDFAfternoon.swift in Sources */,
				B85925D81E2AAD1D00AC6B4B /* SettingsViewController.swift in Sources */,
				B868D678211165E0000F5272 /* ChatViewController.swift in Sources */,
				B85925DA1E2B5C0B00AC6B4B /* PDFPageViewController.swift in Sources */,
			);
			runOnlyForDeploymentPostprocessing = 0;
		};
/* End PBXSourcesBuildPhase section */

/* Begin PBXVariantGroup section */
		B8103E061E18530300B2AD1B /* Main.storyboard */ = {
			isa = PBXVariantGroup;
			children = (
				B8103E071E18530300B2AD1B /* Base */,
			);
			name = Main.storyboard;
			sourceTree = "<group>";
		};
		B8103E0B1E18530300B2AD1B /* LaunchScreen.storyboard */ = {
			isa = PBXVariantGroup;
			children = (
				B8103E0C1E18530300B2AD1B /* Base */,
			);
			name = LaunchScreen.storyboard;
			sourceTree = "<group>";
		};
/* End PBXVariantGroup section */

/* Begin XCBuildConfiguration section */
		B8103E0F1E18530300B2AD1B /* Debug */ = {
			isa = XCBuildConfiguration;
			buildSettings = {
				ALWAYS_SEARCH_USER_PATHS = NO;
				CLANG_ANALYZER_NONNULL = YES;
				CLANG_CXX_LANGUAGE_STANDARD = "gnu++0x";
				CLANG_CXX_LIBRARY = "libc++";
				CLANG_ENABLE_MODULES = YES;
				CLANG_ENABLE_OBJC_ARC = YES;
				CLANG_WARN_BLOCK_CAPTURE_AUTORELEASING = YES;
				CLANG_WARN_BOOL_CONVERSION = YES;
				CLANG_WARN_COMMA = YES;
				CLANG_WARN_CONSTANT_CONVERSION = YES;
				CLANG_WARN_DEPRECATED_OBJC_IMPLEMENTATIONS = YES;
				CLANG_WARN_DIRECT_OBJC_ISA_USAGE = YES_ERROR;
				CLANG_WARN_DOCUMENTATION_COMMENTS = YES;
				CLANG_WARN_EMPTY_BODY = YES;
				CLANG_WARN_ENUM_CONVERSION = YES;
				CLANG_WARN_INFINITE_RECURSION = YES;
				CLANG_WARN_INT_CONVERSION = YES;
				CLANG_WARN_NON_LITERAL_NULL_CONVERSION = YES;
				CLANG_WARN_OBJC_IMPLICIT_RETAIN_SELF = YES;
				CLANG_WARN_OBJC_LITERAL_CONVERSION = YES;
				CLANG_WARN_OBJC_ROOT_CLASS = YES_ERROR;
				CLANG_WARN_RANGE_LOOP_ANALYSIS = YES;
				CLANG_WARN_STRICT_PROTOTYPES = YES;
				CLANG_WARN_SUSPICIOUS_MOVE = YES;
				CLANG_WARN_UNREACHABLE_CODE = YES;
				CLANG_WARN__DUPLICATE_METHOD_MATCH = YES;
				CODE_SIGN_IDENTITY = "iPhone Developer";
				"CODE_SIGN_IDENTITY[sdk=iphoneos*]" = "iPhone Developer";
				COPY_PHASE_STRIP = NO;
				DEBUG_INFORMATION_FORMAT = dwarf;
				ENABLE_STRICT_OBJC_MSGSEND = YES;
				ENABLE_TESTABILITY = YES;
				GCC_C_LANGUAGE_STANDARD = gnu99;
				GCC_DYNAMIC_NO_PIC = NO;
				GCC_NO_COMMON_BLOCKS = YES;
				GCC_OPTIMIZATION_LEVEL = 0;
				GCC_PREPROCESSOR_DEFINITIONS = (
					"DEBUG=1",
					"$(inherited)",
				);
				GCC_WARN_64_TO_32_BIT_CONVERSION = YES;
				GCC_WARN_ABOUT_RETURN_TYPE = YES_ERROR;
				GCC_WARN_UNDECLARED_SELECTOR = YES;
				GCC_WARN_UNINITIALIZED_AUTOS = YES_AGGRESSIVE;
				GCC_WARN_UNUSED_FUNCTION = YES;
				GCC_WARN_UNUSED_VARIABLE = YES;
				IPHONEOS_DEPLOYMENT_TARGET = 10.2;
				MTL_ENABLE_DEBUG_INFO = YES;
				ONLY_ACTIVE_ARCH = YES;
				SDKROOT = iphoneos;
				SWIFT_ACTIVE_COMPILATION_CONDITIONS = DEBUG;
				SWIFT_OPTIMIZATION_LEVEL = "-Onone";
				TARGETED_DEVICE_FAMILY = "1,2";
			};
			name = Debug;
		};
		B8103E101E18530300B2AD1B /* Release */ = {
			isa = XCBuildConfiguration;
			buildSettings = {
				ALWAYS_SEARCH_USER_PATHS = NO;
				CLANG_ANALYZER_NONNULL = YES;
				CLANG_CXX_LANGUAGE_STANDARD = "gnu++0x";
				CLANG_CXX_LIBRARY = "libc++";
				CLANG_ENABLE_MODULES = YES;
				CLANG_ENABLE_OBJC_ARC = YES;
				CLANG_WARN_BLOCK_CAPTURE_AUTORELEASING = YES;
				CLANG_WARN_BOOL_CONVERSION = YES;
				CLANG_WARN_COMMA = YES;
				CLANG_WARN_CONSTANT_CONVERSION = YES;
				CLANG_WARN_DEPRECATED_OBJC_IMPLEMENTATIONS = YES;
				CLANG_WARN_DIRECT_OBJC_ISA_USAGE = YES_ERROR;
				CLANG_WARN_DOCUMENTATION_COMMENTS = YES;
				CLANG_WARN_EMPTY_BODY = YES;
				CLANG_WARN_ENUM_CONVERSION = YES;
				CLANG_WARN_INFINITE_RECURSION = YES;
				CLANG_WARN_INT_CONVERSION = YES;
				CLANG_WARN_NON_LITERAL_NULL_CONVERSION = YES;
				CLANG_WARN_OBJC_IMPLICIT_RETAIN_SELF = YES;
				CLANG_WARN_OBJC_LITERAL_CONVERSION = YES;
				CLANG_WARN_OBJC_ROOT_CLASS = YES_ERROR;
				CLANG_WARN_RANGE_LOOP_ANALYSIS = YES;
				CLANG_WARN_STRICT_PROTOTYPES = YES;
				CLANG_WARN_SUSPICIOUS_MOVE = YES;
				CLANG_WARN_UNREACHABLE_CODE = YES;
				CLANG_WARN__DUPLICATE_METHOD_MATCH = YES;
				CODE_SIGN_IDENTITY = "iPhone Developer";
				"CODE_SIGN_IDENTITY[sdk=iphoneos*]" = "iPhone Developer";
				COPY_PHASE_STRIP = NO;
				DEBUG_INFORMATION_FORMAT = "dwarf-with-dsym";
				ENABLE_NS_ASSERTIONS = NO;
				ENABLE_STRICT_OBJC_MSGSEND = YES;
				GCC_C_LANGUAGE_STANDARD = gnu99;
				GCC_NO_COMMON_BLOCKS = YES;
				GCC_WARN_64_TO_32_BIT_CONVERSION = YES;
				GCC_WARN_ABOUT_RETURN_TYPE = YES_ERROR;
				GCC_WARN_UNDECLARED_SELECTOR = YES;
				GCC_WARN_UNINITIALIZED_AUTOS = YES_AGGRESSIVE;
				GCC_WARN_UNUSED_FUNCTION = YES;
				GCC_WARN_UNUSED_VARIABLE = YES;
				IPHONEOS_DEPLOYMENT_TARGET = 10.2;
				MTL_ENABLE_DEBUG_INFO = NO;
				SDKROOT = iphoneos;
				SWIFT_OPTIMIZATION_LEVEL = "-Owholemodule";
				TARGETED_DEVICE_FAMILY = "1,2";
				VALIDATE_PRODUCT = YES;
			};
			name = Release;
		};
		B8103E121E18530300B2AD1B /* Debug */ = {
			isa = XCBuildConfiguration;
			baseConfigurationReference = 9B3CDF9053C1F94ECAD44C49 /* Pods-PlaySMS.debug.xcconfig */;
			buildSettings = {
				ASSETCATALOG_COMPILER_APPICON_NAME = AppIcon;
				CODE_SIGN_ENTITLEMENTS = PlaySMS/PlaySMS.entitlements;
				"CODE_SIGN_IDENTITY[sdk=iphoneos*]" = "iPhone Developer";
				DEVELOPMENT_TEAM = BLXXF824QW;
				INFOPLIST_FILE = PlaySMS/Info.plist;
				IPHONEOS_DEPLOYMENT_TARGET = 10.0;
				LD_RUNPATH_SEARCH_PATHS = "$(inherited) @executable_path/Frameworks";
				PRODUCT_BUNDLE_IDENTIFIER = Sully.PlaySMS.MoonspecGradeEight;
				PRODUCT_NAME = "$(TARGET_NAME)";
				SWIFT_VERSION = 4.0;
				TARGETED_DEVICE_FAMILY = 1;
			};
			name = Debug;
		};
		B8103E131E18530300B2AD1B /* Release */ = {
			isa = XCBuildConfiguration;
			baseConfigurationReference = 57C9026B8D8F502EE1DF36E9 /* Pods-PlaySMS.release.xcconfig */;
			buildSettings = {
				ASSETCATALOG_COMPILER_APPICON_NAME = AppIcon;
				CODE_SIGN_ENTITLEMENTS = PlaySMS/PlaySMS.entitlements;
				"CODE_SIGN_IDENTITY[sdk=iphoneos*]" = "iPhone Developer";
				DEVELOPMENT_TEAM = BLXXF824QW;
				INFOPLIST_FILE = PlaySMS/Info.plist;
				IPHONEOS_DEPLOYMENT_TARGET = 10.0;
				LD_RUNPATH_SEARCH_PATHS = "$(inherited) @executable_path/Frameworks";
				PRODUCT_BUNDLE_IDENTIFIER = Sully.PlaySMS.MoonspecGradeEight;
				PRODUCT_NAME = "$(TARGET_NAME)";
				SWIFT_VERSION = 4.0;
				TARGETED_DEVICE_FAMILY = 1;
			};
			name = Release;
		};
/* End XCBuildConfiguration section */

/* Begin XCConfigurationList section */
		B8103DFA1E18530300B2AD1B /* Build configuration list for PBXProject "PlaySMS" */ = {
			isa = XCConfigurationList;
			buildConfigurations = (
				B8103E0F1E18530300B2AD1B /* Debug */,
				B8103E101E18530300B2AD1B /* Release */,
			);
			defaultConfigurationIsVisible = 0;
			defaultConfigurationName = Release;
		};
		B8103E111E18530300B2AD1B /* Build configuration list for PBXNativeTarget "PlaySMS" */ = {
			isa = XCConfigurationList;
			buildConfigurations = (
				B8103E121E18530300B2AD1B /* Debug */,
				B8103E131E18530300B2AD1B /* Release */,
			);
			defaultConfigurationIsVisible = 0;
			defaultConfigurationName = Release;
		};
/* End XCConfigurationList section */
	};
	rootObject = B8103DF71E18530300B2AD1B /* Project object */;
}
